
Microsoft Visual Studio Solution File, Format Version 12.00
# Visual Studio 14
VisualStudioVersion = 14.0.25420.1
MinimumVisualStudioVersion = 10.0.40219.1
Project("{9092AA53-FB77-4645-B42D-1CCCA6BD08BD}") = "day12a", "day12a\day12a.njsproj", "{4C6B876B-7794-43BA-8C20-B14DAF7D9DA6}"
EndProject
Global
	GlobalSection(SolutionConfigurationPlatforms) = preSolution
		Debug|Any CPU = Debug|Any CPU
		Release|Any CPU = Release|Any CPU
	EndGlobalSection
	GlobalSection(ProjectConfigurationPlatforms) = postSolution
		{4C6B876B-7794-43BA-8C20-B14DAF7D9DA6}.Debug|Any CPU.ActiveCfg = Debug|Any CPU
		{4C6B876B-7794-43BA-8C20-B14DAF7D9DA6}.Debug|Any CPU.Build.0 = Debug|Any CPU
		{4C6B876B-7794-43BA-8C20-B14DAF7D9DA6}.Release|Any CPU.ActiveCfg = Release|Any CPU
		{4C6B876B-7794-43BA-8C20-B14DAF7D9DA6}.Release|Any CPU.Build.0 = Release|Any CPU
	EndGlobalSection
	GlobalSection(SolutionProperties) = preSolution
		HideSolutionNode = FALSE
	EndGlobalSection
EndGlobal
